
Microsoft Visual Studio Solution File, Format Version 12.00
# Visual Studio 15
VisualStudioVersion = 15.0.27004.2009
MinimumVisualStudioVersion = 10.0.40219.1
Project("{FAE04EC0-301F-11D3-BF4B-00C04F79EFBC}") = "JsonAbstractTest", "JsonAbstractTest\JsonAbstractTest.csproj", "{0AFA7316-0DB6-4778-9D9F-F012BB45C170}"
EndProject
Project("{2150E333-8FDC-42A3-9474-1A3956D46DE8}") = "Solution Items", "Solution Items", "{434B653D-AE98-4242-B4F4-8AE741B7EA50}"
	ProjectSection(SolutionItems) = preProject
		README.md = README.md
	EndProjectSection
EndProject
Global
	GlobalSection(SolutionConfigurationPlatforms) = preSolution
		Debug|Any CPU = Debug|Any CPU
		Release|Any CPU = Release|Any CPU
	EndGlobalSection
	GlobalSection(ProjectConfigurationPlatforms) = postSolution
		{0AFA7316-0DB6-4778-9D9F-F012BB45C170}.Debug|Any CPU.ActiveCfg = Debug|Any CPU
		{0AFA7316-0DB6-4778-9D9F-F012BB45C170}.Debug|Any CPU.Build.0 = Debug|Any CPU
		{0AFA7316-0DB6-4778-9D9F-F012BB45C170}.Release|Any CPU.ActiveCfg = Release|Any CPU
		{0AFA7316-0DB6-4778-9D9F-F012BB45C170}.Release|Any CPU.Build.0 = Release|Any CPU
	EndGlobalSection
	GlobalSection(SolutionProperties) = preSolution
		HideSolutionNode = FALSE
	EndGlobalSection
	GlobalSection(ExtensibilityGlobals) = postSolution
		SolutionGuid = {CB29D8C9-EB70-43B4-B802-B7260EA64889}
	EndGlobalSection
EndGlobal
